{
  "object": {
    "pins": [
      {
        "package": "RichTextEditor",
        "repositoryURL": "/Users/glennposadas/Desktop/GIT/Outliant/RichTextEditor",
        "state": {
          "branch": "main",
          "revision": "d68157333690740426768010f7b405517fb68a7e",
          "version": null
        }
      }
    ]
  },
  "version": 1
}
