{
  "object": {
    "pins": [
      {
        "package": "RichTextEditor",
        "repositoryURL": "https://github.com/Chaos-Intelligence/RichTextEditor.git",
        "state": {
          "branch": "main",
          "revision": "39b763639042c7576c868a7f9a4536539694c0d3",
          "version": null
        }
      }
    ]
  },
  "version": 1
}
