{
  "object": {
    "pins": [
      {
        "package": "RichTextEditor",
        "repositoryURL": "/Users/glennposadas/Desktop/GIT/Outliant/RichTextEditor",
        "state": {
          "branch": "main",
          "revision": "66b86ab9a6320addb1aa9fc0c99a6af45a5ffe63",
          "version": null
        }
      }
    ]
  },
  "version": 1
}
